
Microsoft Visual Studio Solution File, Format Version 12.00
# Visual Studio 15
Project("{FAE04EC0-301F-11D3-BF4B-00C04F79EFBC}") = "Assembly-CSharp", "Assembly-CSharp.csproj", "{98F1F34E-28FB-ACC3-2A66-915A15A34948}"
EndProject
Project("{FAE04EC0-301F-11D3-BF4B-00C04F79EFBC}") = "UnityEngine.UI", "UnityEngine.UI.csproj", "{2286292C-A9D1-FFEA-563C-2A94AEC24967}"
EndProject
Project("{FAE04EC0-301F-11D3-BF4B-00C04F79EFBC}") = "UnityEditor.UI", "UnityEditor.UI.csproj", "{E83549B9-949F-102D-DC07-48517BAE6AE1}"
EndProject
Global
	GlobalSection(SolutionConfigurationPlatforms) = preSolution
		Debug|Any CPU = Debug|Any CPU
		Release|Any CPU = Release|Any CPU
	EndGlobalSection
	GlobalSection(ProjectConfigurationPlatforms) = postSolution
		{98F1F34E-28FB-ACC3-2A66-915A15A34948}.Debug|Any CPU.ActiveCfg = Debug|Any CPU
		{98F1F34E-28FB-ACC3-2A66-915A15A34948}.Debug|Any CPU.Build.0 = Debug|Any CPU
		{98F1F34E-28FB-ACC3-2A66-915A15A34948}.Release|Any CPU.ActiveCfg = Release|Any CPU
		{98F1F34E-28FB-ACC3-2A66-915A15A34948}.Release|Any CPU.Build.0 = Release|Any CPU
		{2286292C-A9D1-FFEA-563C-2A94AEC24967}.Debug|Any CPU.ActiveCfg = Debug|Any CPU
		{2286292C-A9D1-FFEA-563C-2A94AEC24967}.Debug|Any CPU.Build.0 = Debug|Any CPU
		{2286292C-A9D1-FFEA-563C-2A94AEC24967}.Release|Any CPU.ActiveCfg = Release|Any CPU
		{2286292C-A9D1-FFEA-563C-2A94AEC24967}.Release|Any CPU.Build.0 = Release|Any CPU
		{E83549B9-949F-102D-DC07-48517BAE6AE1}.Debug|Any CPU.ActiveCfg = Debug|Any CPU
		{E83549B9-949F-102D-DC07-48517BAE6AE1}.Debug|Any CPU.Build.0 = Debug|Any CPU
		{E83549B9-949F-102D-DC07-48517BAE6AE1}.Release|Any CPU.ActiveCfg = Release|Any CPU
		{E83549B9-949F-102D-DC07-48517BAE6AE1}.Release|Any CPU.Build.0 = Release|Any CPU
	EndGlobalSection
	GlobalSection(SolutionProperties) = preSolution
		HideSolutionNode = FALSE
	EndGlobalSection
EndGlobal
